
Microsoft Visual Studio Solution File, Format Version 12.00
# Visual Studio 15
VisualStudioVersion = 15.0.27703.2026
MinimumVisualStudioVersion = 10.0.40219.1
Project("{FAE04EC0-301F-11D3-BF4B-00C04F79EFBC}") = "NETShop", "NETShop\NETShop.csproj", "{AA1F3934-2908-4AF9-B927-FBC5A8B8EB99}"
EndProject
Global
	GlobalSection(SolutionConfigurationPlatforms) = preSolution
		Debug|Any CPU = Debug|Any CPU
		Release|Any CPU = Release|Any CPU
	EndGlobalSection
	GlobalSection(ProjectConfigurationPlatforms) = postSolution
		{AA1F3934-2908-4AF9-B927-FBC5A8B8EB99}.Debug|Any CPU.ActiveCfg = Debug|Any CPU
		{AA1F3934-2908-4AF9-B927-FBC5A8B8EB99}.Debug|Any CPU.Build.0 = Debug|Any CPU
		{AA1F3934-2908-4AF9-B927-FBC5A8B8EB99}.Release|Any CPU.ActiveCfg = Release|Any CPU
		{AA1F3934-2908-4AF9-B927-FBC5A8B8EB99}.Release|Any CPU.Build.0 = Release|Any CPU
	EndGlobalSection
	GlobalSection(SolutionProperties) = preSolution
		HideSolutionNode = FALSE
	EndGlobalSection
	GlobalSection(ExtensibilityGlobals) = postSolution
		SolutionGuid = {A79CC52B-CD07-46C2-A5C2-C387945B965E}
	EndGlobalSection
EndGlobal
